// !$*UTF8*$!
{
	archiveVersion = 1;
	classes = {
	};
	objectVersion = 50;
	objects = {

/* Begin PBXBuildFile section */
		5811CB6C26FB74430040225F /* CardView.swift in Sources */ = {isa = PBXBuildFile; fileRef = 5811CB6B26FB74430040225F /* CardView.swift */; };
		5811CB6F26FB79110040225F /* CardView.xib in Resources */ = {isa = PBXBuildFile; fileRef = 5811CB6E26FB79110040225F /* CardView.xib */; };
		588443B426FF8D030067A02F /* URLGenerator.swift in Sources */ = {isa = PBXBuildFile; fileRef = 588443B326FF8D030067A02F /* URLGenerator.swift */; };
		58872B0F26FCE829001BF698 /* SettingsViewController.swift in Sources */ = {isa = PBXBuildFile; fileRef = 58872B0E26FCE829001BF698 /* SettingsViewController.swift */; };
		588D77CA26FE425C00021825 /* Coordinator.swift in Sources */ = {isa = PBXBuildFile; fileRef = 588D77C926FE425C00021825 /* Coordinator.swift */; };
		588D77CD26FE7C3D00021825 /* Parser.swift in Sources */ = {isa = PBXBuildFile; fileRef = 588D77CC26FE7C3D00021825 /* Parser.swift */; };
		588D77D026FE836E00021825 /* NetworkCall.swift in Sources */ = {isa = PBXBuildFile; fileRef = 588D77CF26FE836E00021825 /* NetworkCall.swift */; };
		58AE5E9326FA1A5700094A4C /* AppDelegate.swift in Sources */ = {isa = PBXBuildFile; fileRef = 58AE5E9226FA1A5700094A4C /* AppDelegate.swift */; };
		58AE5E9526FA1A5700094A4C /* SceneDelegate.swift in Sources */ = {isa = PBXBuildFile; fileRef = 58AE5E9426FA1A5700094A4C /* SceneDelegate.swift */; };
		58AE5E9726FA1A5700094A4C /* ViewController.swift in Sources */ = {isa = PBXBuildFile; fileRef = 58AE5E9626FA1A5700094A4C /* ViewController.swift */; };
		58AE5E9A26FA1A5700094A4C /* Main.storyboard in Resources */ = {isa = PBXBuildFile; fileRef = 58AE5E9826FA1A5700094A4C /* Main.storyboard */; };
		58AE5E9C26FA1A5A00094A4C /* Assets.xcassets in Resources */ = {isa = PBXBuildFile; fileRef = 58AE5E9B26FA1A5A00094A4C /* Assets.xcassets */; };
		58AE5E9F26FA1A5A00094A4C /* LaunchScreen.storyboard in Resources */ = {isa = PBXBuildFile; fileRef = 58AE5E9D26FA1A5A00094A4C /* LaunchScreen.storyboard */; };
		58C84E4526FA879C006292F1 /* UIView+Extension.swift in Sources */ = {isa = PBXBuildFile; fileRef = 58C84E4426FA879C006292F1 /* UIView+Extension.swift */; };
/* End PBXBuildFile section */

/* Begin PBXFileReference section */
		5811CB6B26FB74430040225F /* CardView.swift */ = {isa = PBXFileReference; lastKnownFileType = sourcecode.swift; path = CardView.swift; sourceTree = "<group>"; };
		5811CB6E26FB79110040225F /* CardView.xib */ = {isa = PBXFileReference; lastKnownFileType = file.xib; path = CardView.xib; sourceTree = "<group>"; };
		588443B326FF8D030067A02F /* URLGenerator.swift */ = {isa = PBXFileReference; lastKnownFileType = sourcecode.swift; path = URLGenerator.swift; sourceTree = "<group>"; };
		58872B0E26FCE829001BF698 /* SettingsViewController.swift */ = {isa = PBXFileReference; lastKnownFileType = sourcecode.swift; path = SettingsViewController.swift; sourceTree = "<group>"; };
		588D77C926FE425C00021825 /* Coordinator.swift */ = {isa = PBXFileReference; lastKnownFileType = sourcecode.swift; path = Coordinator.swift; sourceTree = "<group>"; };
		588D77CC26FE7C3D00021825 /* Parser.swift */ = {isa = PBXFileReference; lastKnownFileType = sourcecode.swift; path = Parser.swift; sourceTree = "<group>"; };
		588D77CF26FE836E00021825 /* NetworkCall.swift */ = {isa = PBXFileReference; lastKnownFileType = sourcecode.swift; path = NetworkCall.swift; sourceTree = "<group>"; };
		58AE5E8F26FA1A5700094A4C /* BoredApp.app */ = {isa = PBXFileReference; explicitFileType = wrapper.application; includeInIndex = 0; path = BoredApp.app; sourceTree = BUILT_PRODUCTS_DIR; };
		58AE5E9226FA1A5700094A4C /* AppDelegate.swift */ = {isa = PBXFileReference; lastKnownFileType = sourcecode.swift; path = AppDelegate.swift; sourceTree = "<group>"; };
		58AE5E9426FA1A5700094A4C /* SceneDelegate.swift */ = {isa = PBXFileReference; lastKnownFileType = sourcecode.swift; path = SceneDelegate.swift; sourceTree = "<group>"; };
		58AE5E9626FA1A5700094A4C /* ViewController.swift */ = {isa = PBXFileReference; lastKnownFileType = sourcecode.swift; path = ViewController.swift; sourceTree = "<group>"; };
		58AE5E9926FA1A5700094A4C /* Base */ = {isa = PBXFileReference; lastKnownFileType = file.storyboard; name = Base; path = Base.lproj/Main.storyboard; sourceTree = "<group>"; };
		58AE5E9B26FA1A5A00094A4C /* Assets.xcassets */ = {isa = PBXFileReference; lastKnownFileType = folder.assetcatalog; path = Assets.xcassets; sourceTree = "<group>"; };
		58AE5E9E26FA1A5A00094A4C /* Base */ = {isa = PBXFileReference; lastKnownFileType = file.storyboard; name = Base; path = Base.lproj/LaunchScreen.storyboard; sourceTree = "<group>"; };
		58AE5EA026FA1A5A00094A4C /* Info.plist */ = {isa = PBXFileReference; lastKnownFileType = text.plist.xml; path = Info.plist; sourceTree = "<group>"; };
		58C84E4426FA879C006292F1 /* UIView+Extension.swift */ = {isa = PBXFileReference; lastKnownFileType = sourcecode.swift; path = "UIView+Extension.swift"; sourceTree = "<group>"; };
/* End PBXFileReference section */

/* Begin PBXFrameworksBuildPhase section */
		58AE5E8C26FA1A5700094A4C /* Frameworks */ = {
			isa = PBXFrameworksBuildPhase;
			buildActionMask = 2147483647;
			files = (
			);
			runOnlyForDeploymentPostprocessing = 0;
		};
/* End PBXFrameworksBuildPhase section */

/* Begin PBXGroup section */
		58AE5E8626FA1A5700094A4C = {
			isa = PBXGroup;
			children = (
				58AE5E9126FA1A5700094A4C /* BoredApp */,
				58AE5E9026FA1A5700094A4C /* Products */,
			);
			sourceTree = "<group>";
		};
		58AE5E9026FA1A5700094A4C /* Products */ = {
			isa = PBXGroup;
			children = (
				58AE5E8F26FA1A5700094A4C /* BoredApp.app */,
			);
			name = Products;
			sourceTree = "<group>";
		};
		58AE5E9126FA1A5700094A4C /* BoredApp */ = {
			isa = PBXGroup;
			children = (
				58AE5E9226FA1A5700094A4C /* AppDelegate.swift */,
				58AE5E9426FA1A5700094A4C /* SceneDelegate.swift */,
				58AE5E9626FA1A5700094A4C /* ViewController.swift */,
				58AE5E9826FA1A5700094A4C /* Main.storyboard */,
				58AE5E9B26FA1A5A00094A4C /* Assets.xcassets */,
				58AE5E9D26FA1A5A00094A4C /* LaunchScreen.storyboard */,
				58AE5EA026FA1A5A00094A4C /* Info.plist */,
				58C84E4426FA879C006292F1 /* UIView+Extension.swift */,
				5811CB6B26FB74430040225F /* CardView.swift */,
				5811CB6E26FB79110040225F /* CardView.xib */,
				58872B0E26FCE829001BF698 /* SettingsViewController.swift */,
				588D77C926FE425C00021825 /* Coordinator.swift */,
				588D77CF26FE836E00021825 /* NetworkCall.swift */,
				588D77CC26FE7C3D00021825 /* Parser.swift */,
				588443B326FF8D030067A02F /* URLGenerator.swift */,
			);
			path = BoredApp;
			sourceTree = "<group>";
		};
/* End PBXGroup section */

/* Begin PBXNativeTarget section */
		58AE5E8E26FA1A5700094A4C /* BoredApp */ = {
			isa = PBXNativeTarget;
			buildConfigurationList = 58AE5EA326FA1A5A00094A4C /* Build configuration list for PBXNativeTarget "BoredApp" */;
			buildPhases = (
				58AE5E8B26FA1A5700094A4C /* Sources */,
				58AE5E8C26FA1A5700094A4C /* Frameworks */,
				58AE5E8D26FA1A5700094A4C /* Resources */,
			);
			buildRules = (
			);
			dependencies = (
			);
			name = BoredApp;
			productName = BoredApp;
			productReference = 58AE5E8F26FA1A5700094A4C /* BoredApp.app */;
			productType = "com.apple.product-type.application";
		};
/* End PBXNativeTarget section */

/* Begin PBXProject section */
		58AE5E8726FA1A5700094A4C /* Project object */ = {
			isa = PBXProject;
			attributes = {
				LastSwiftUpdateCheck = 1240;
				LastUpgradeCheck = 1240;
				TargetAttributes = {
					58AE5E8E26FA1A5700094A4C = {
						CreatedOnToolsVersion = 12.4;
					};
				};
			};
			buildConfigurationList = 58AE5E8A26FA1A5700094A4C /* Build configuration list for PBXProject "BoredApp" */;
			compatibilityVersion = "Xcode 9.3";
			developmentRegion = en;
			hasScannedForEncodings = 0;
			knownRegions = (
				en,
				Base,
			);
			mainGroup = 58AE5E8626FA1A5700094A4C;
			productRefGroup = 58AE5E9026FA1A5700094A4C /* Products */;
			projectDirPath = "";
			projectRoot = "";
			targets = (
				58AE5E8E26FA1A5700094A4C /* BoredApp */,
			);
		};
/* End PBXProject section */

/* Begin PBXResourcesBuildPhase section */
		58AE5E8D26FA1A5700094A4C /* Resources */ = {
			isa = PBXResourcesBuildPhase;
			buildActionMask = 2147483647;
			files = (
				58AE5E9F26FA1A5A00094A4C /* LaunchScreen.storyboard in Resources */,
				58AE5E9C26FA1A5A00094A4C /* Assets.xcassets in Resources */,
				5811CB6F26FB79110040225F /* CardView.xib in Resources */,
				58AE5E9A26FA1A5700094A4C /* Main.storyboard in Resources */,
			);
			runOnlyForDeploymentPostprocessing = 0;
		};
/* End PBXResourcesBuildPhase section */

/* Begin PBXSourcesBuildPhase section */
		58AE5E8B26FA1A5700094A4C /* Sources */ = {
			isa = PBXSourcesBuildPhase;
			buildActionMask = 2147483647;
			files = (
				58AE5E9726FA1A5700094A4C /* ViewController.swift in Sources */,
				588D77D026FE836E00021825 /* NetworkCall.swift in Sources */,
				58AE5E9326FA1A5700094A4C /* AppDelegate.swift in Sources */,
				58C84E4526FA879C006292F1 /* UIView+Extension.swift in Sources */,
				58AE5E9526FA1A5700094A4C /* SceneDelegate.swift in Sources */,
				588D77CD26FE7C3D00021825 /* Parser.swift in Sources */,
				5811CB6C26FB74430040225F /* CardView.swift in Sources */,
				588443B426FF8D030067A02F /* URLGenerator.swift in Sources */,
				58872B0F26FCE829001BF698 /* SettingsViewController.swift in Sources */,
				588D77CA26FE425C00021825 /* Coordinator.swift in Sources */,
			);
			runOnlyForDeploymentPostprocessing = 0;
		};
/* End PBXSourcesBuildPhase section */

/* Begin PBXVariantGroup section */
		58AE5E9826FA1A5700094A4C /* Main.storyboard */ = {
			isa = PBXVariantGroup;
			children = (
				58AE5E9926FA1A5700094A4C /* Base */,
			);
			name = Main.storyboard;
			sourceTree = "<group>";
		};
		58AE5E9D26FA1A5A00094A4C /* LaunchScreen.storyboard */ = {
			isa = PBXVariantGroup;
			children = (
				58AE5E9E26FA1A5A00094A4C /* Base */,
			);
			name = LaunchScreen.storyboard;
			sourceTree = "<group>";
		};
/* End PBXVariantGroup section */

/* Begin XCBuildConfiguration section */
		58AE5EA126FA1A5A00094A4C /* Debug */ = {
			isa = XCBuildConfiguration;
			buildSettings = {
				ALWAYS_SEARCH_USER_PATHS = NO;
				CLANG_ANALYZER_NONNULL = YES;
				CLANG_ANALYZER_NUMBER_OBJECT_CONVERSION = YES_AGGRESSIVE;
				CLANG_CXX_LANGUAGE_STANDARD = "gnu++14";
				CLANG_CXX_LIBRARY = "libc++";
				CLANG_ENABLE_MODULES = YES;
				CLANG_ENABLE_OBJC_ARC = YES;
				CLANG_ENABLE_OBJC_WEAK = YES;
				CLANG_WARN_BLOCK_CAPTURE_AUTORELEASING = YES;
				CLANG_WARN_BOOL_CONVERSION = YES;
				CLANG_WARN_COMMA = YES;
				CLANG_WARN_CONSTANT_CONVERSION = YES;
				CLANG_WARN_DEPRECATED_OBJC_IMPLEMENTATIONS = YES;
				CLANG_WARN_DIRECT_OBJC_ISA_USAGE = YES_ERROR;
				CLANG_WARN_DOCUMENTATION_COMMENTS = YES;
				CLANG_WARN_EMPTY_BODY = YES;
				CLANG_WARN_ENUM_CONVERSION = YES;
				CLANG_WARN_INFINITE_RECURSION = YES;
				CLANG_WARN_INT_CONVERSION = YES;
				CLANG_WARN_NON_LITERAL_NULL_CONVERSION = YES;
				CLANG_WARN_OBJC_IMPLICIT_RETAIN_SELF = YES;
				CLANG_WARN_OBJC_LITERAL_CONVERSION = YES;
				CLANG_WARN_OBJC_ROOT_CLASS = YES_ERROR;
				CLANG_WARN_QUOTED_INCLUDE_IN_FRAMEWORK_HEADER = YES;
				CLANG_WARN_RANGE_LOOP_ANALYSIS = YES;
				CLANG_WARN_STRICT_PROTOTYPES = YES;
				CLANG_WARN_SUSPICIOUS_MOVE = YES;
				CLANG_WARN_UNGUARDED_AVAILABILITY = YES_AGGRESSIVE;
				CLANG_WARN_UNREACHABLE_CODE = YES;
				CLANG_WARN__DUPLICATE_METHOD_MATCH = YES;
				COPY_PHASE_STRIP = NO;
				DEBUG_INFORMATION_FORMAT = dwarf;
				ENABLE_STRICT_OBJC_MSGSEND = YES;
				ENABLE_TESTABILITY = YES;
				GCC_C_LANGUAGE_STANDARD = gnu11;
				GCC_DYNAMIC_NO_PIC = NO;
				GCC_NO_COMMON_BLOCKS = YES;
				GCC_OPTIMIZATION_LEVEL = 0;
				GCC_PREPROCESSOR_DEFINITIONS = (
					"DEBUG=1",
					"$(inherited)",
				);
				GCC_WARN_64_TO_32_BIT_CONVERSION = YES;
				GCC_WARN_ABOUT_RETURN_TYPE = YES_ERROR;
				GCC_WARN_UNDECLARED_SELECTOR = YES;
				GCC_WARN_UNINITIALIZED_AUTOS = YES_AGGRESSIVE;
				GCC_WARN_UNUSED_FUNCTION = YES;
				GCC_WARN_UNUSED_VARIABLE = YES;
				IPHONEOS_DEPLOYMENT_TARGET = 14.4;
				MTL_ENABLE_DEBUG_INFO = INCLUDE_SOURCE;
				MTL_FAST_MATH = YES;
				ONLY_ACTIVE_ARCH = YES;
				SDKROOT = iphoneos;
				SWIFT_ACTIVE_COMPILATION_CONDITIONS = DEBUG;
				SWIFT_OPTIMIZATION_LEVEL = "-Onone";
			};
			name = Debug;
		};
		58AE5EA226FA1A5A00094A4C /* Release */ = {
			isa = XCBuildConfiguration;
			buildSettings = {
				ALWAYS_SEARCH_USER_PATHS = NO;
				CLANG_ANALYZER_NONNULL = YES;
				CLANG_ANALYZER_NUMBER_OBJECT_CONVERSION = YES_AGGRESSIVE;
				CLANG_CXX_LANGUAGE_STANDARD = "gnu++14";
				CLANG_CXX_LIBRARY = "libc++";
				CLANG_ENABLE_MODULES = YES;
				CLANG_ENABLE_OBJC_ARC = YES;
				CLANG_ENABLE_OBJC_WEAK = YES;
				CLANG_WARN_BLOCK_CAPTURE_AUTORELEASING = YES;
				CLANG_WARN_BOOL_CONVERSION = YES;
				CLANG_WARN_COMMA = YES;
				CLANG_WARN_CONSTANT_CONVERSION = YES;
				CLANG_WARN_DEPRECATED_OBJC_IMPLEMENTATIONS = YES;
				CLANG_WARN_DIRECT_OBJC_ISA_USAGE = YES_ERROR;
				CLANG_WARN_DOCUMENTATION_COMMENTS = YES;
				CLANG_WARN_EMPTY_BODY = YES;
				CLANG_WARN_ENUM_CONVERSION = YES;
				CLANG_WARN_INFINITE_RECURSION = YES;
				CLANG_WARN_INT_CONVERSION = YES;
				CLANG_WARN_NON_LITERAL_NULL_CONVERSION = YES;
				CLANG_WARN_OBJC_IMPLICIT_RETAIN_SELF = YES;
				CLANG_WARN_OBJC_LITERAL_CONVERSION = YES;
				CLANG_WARN_OBJC_ROOT_CLASS = YES_ERROR;
				CLANG_WARN_QUOTED_INCLUDE_IN_FRAMEWORK_HEADER = YES;
				CLANG_WARN_RANGE_LOOP_ANALYSIS = YES;
				CLANG_WARN_STRICT_PROTOTYPES = YES;
				CLANG_WARN_SUSPICIOUS_MOVE = YES;
				CLANG_WARN_UNGUARDED_AVAILABILITY = YES_AGGRESSIVE;
				CLANG_WARN_UNREACHABLE_CODE = YES;
				CLANG_WARN__DUPLICATE_METHOD_MATCH = YES;
				COPY_PHASE_STRIP = NO;
				DEBUG_INFORMATION_FORMAT = "dwarf-with-dsym";
				ENABLE_NS_ASSERTIONS = NO;
				ENABLE_STRICT_OBJC_MSGSEND = YES;
				GCC_C_LANGUAGE_STANDARD = gnu11;
				GCC_NO_COMMON_BLOCKS = YES;
				GCC_WARN_64_TO_32_BIT_CONVERSION = YES;
				GCC_WARN_ABOUT_RETURN_TYPE = YES_ERROR;
				GCC_WARN_UNDECLARED_SELECTOR = YES;
				GCC_WARN_UNINITIALIZED_AUTOS = YES_AGGRESSIVE;
				GCC_WARN_UNUSED_FUNCTION = YES;
				GCC_WARN_UNUSED_VARIABLE = YES;
				IPHONEOS_DEPLOYMENT_TARGET = 14.4;
				MTL_ENABLE_DEBUG_INFO = NO;
				MTL_FAST_MATH = YES;
				SDKROOT = iphoneos;
				SWIFT_COMPILATION_MODE = wholemodule;
				SWIFT_OPTIMIZATION_LEVEL = "-O";
				VALIDATE_PRODUCT = YES;
			};
			name = Release;
		};
		58AE5EA426FA1A5A00094A4C /* Debug */ = {
			isa = XCBuildConfiguration;
			buildSettings = {
				ASSETCATALOG_COMPILER_APPICON_NAME = AppIcon;
				ASSETCATALOG_COMPILER_GLOBAL_ACCENT_COLOR_NAME = AccentColor;
				CODE_SIGN_STYLE = Automatic;
				DEVELOPMENT_TEAM = 6VRN8A2N37;
				INFOPLIST_FILE = BoredApp/Info.plist;
				LD_RUNPATH_SEARCH_PATHS = (
					"$(inherited)",
					"@executable_path/Frameworks",
				);
				PRODUCT_BUNDLE_IDENTIFIER = com.matveybo.BoredApp;
				PRODUCT_NAME = "$(TARGET_NAME)";
				SWIFT_VERSION = 5.0;
				TARGETED_DEVICE_FAMILY = "1,2";
			};
			name = Debug;
		};
		58AE5EA526FA1A5A00094A4C /* Release */ = {
			isa = XCBuildConfiguration;
			buildSettings = {
				ASSETCATALOG_COMPILER_APPICON_NAME = AppIcon;
				ASSETCATALOG_COMPILER_GLOBAL_ACCENT_COLOR_NAME = AccentColor;
				CODE_SIGN_STYLE = Automatic;
				DEVELOPMENT_TEAM = 6VRN8A2N37;
				INFOPLIST_FILE = BoredApp/Info.plist;
				LD_RUNPATH_SEARCH_PATHS = (
					"$(inherited)",
					"@executable_path/Frameworks",
				);
				PRODUCT_BUNDLE_IDENTIFIER = com.matveybo.BoredApp;
				PRODUCT_NAME = "$(TARGET_NAME)";
				SWIFT_VERSION = 5.0;
				TARGETED_DEVICE_FAMILY = "1,2";
			};
			name = Release;
		};
/* End XCBuildConfiguration section */

/* Begin XCConfigurationList section */
		58AE5E8A26FA1A5700094A4C /* Build configuration list for PBXProject "BoredApp" */ = {
			isa = XCConfigurationList;
			buildConfigurations = (
				58AE5EA126FA1A5A00094A4C /* Debug */,
				58AE5EA226FA1A5A00094A4C /* Release */,
			);
			defaultConfigurationIsVisible = 0;
			defaultConfigurationName = Release;
		};
		58AE5EA326FA1A5A00094A4C /* Build configuration list for PBXNativeTarget "BoredApp" */ = {
			isa = XCConfigurationList;
			buildConfigurations = (
				58AE5EA426FA1A5A00094A4C /* Debug */,
				58AE5EA526FA1A5A00094A4C /* Release */,
			);
			defaultConfigurationIsVisible = 0;
			defaultConfigurationName = Release;
		};
/* End XCConfigurationList section */
	};
	rootObject = 58AE5E8726FA1A5700094A4C /* Project object */;
}
